
Microsoft Visual Studio Solution File, Format Version 12.00
# Visual Studio Version 17
VisualStudioVersion = 17.13.35931.197 d17.13
MinimumVisualStudioVersion = 10.0.40219.1
Project("{FAE04EC0-301F-11D3-BF4B-00C04F79EFBC}") = "test", "test\test.csproj", "{6FF1AAFB-9F56-4E53-BA13-9CF4C512715D}"
EndProject
Global
	GlobalSection(SolutionConfigurationPlatforms) = preSolution
		Debug|Any CPU = Debug|Any CPU
		Release|Any CPU = Release|Any CPU
	EndGlobalSection
	GlobalSection(ProjectConfigurationPlatforms) = postSolution
		{6FF1AAFB-9F56-4E53-BA13-9CF4C512715D}.Debug|Any CPU.ActiveCfg = Debug|Any CPU
		{6FF1AAFB-9F56-4E53-BA13-9CF4C512715D}.Debug|Any CPU.Build.0 = Debug|Any CPU
		{6FF1AAFB-9F56-4E53-BA13-9CF4C512715D}.Release|Any CPU.ActiveCfg = Release|Any CPU
		{6FF1AAFB-9F56-4E53-BA13-9CF4C512715D}.Release|Any CPU.Build.0 = Release|Any CPU
	EndGlobalSection
	GlobalSection(SolutionProperties) = preSolution
		HideSolutionNode = FALSE
	EndGlobalSection
	GlobalSection(ExtensibilityGlobals) = postSolution
		SolutionGuid = {5D9A2AB5-AB6F-42E6-8A18-1F1FE2A57187}
	EndGlobalSection
EndGlobal
