
Microsoft Visual Studio Solution File, Format Version 12.00
# Visual Studio Version 17
VisualStudioVersion = 17.13.35931.197 d17.13
MinimumVisualStudioVersion = 10.0.40219.1
Project("{FAE04EC0-301F-11D3-BF4B-00C04F79EFBC}") = "DoorsCalculator", "LabGUI3\DoorsCalculator.csproj", "{181745F0-4888-453E-ABF2-567F6F5A53CA}"
EndProject
Global
	GlobalSection(SolutionConfigurationPlatforms) = preSolution
		Debug|Any CPU = Debug|Any CPU
		Release|Any CPU = Release|Any CPU
	EndGlobalSection
	GlobalSection(ProjectConfigurationPlatforms) = postSolution
		{181745F0-4888-453E-ABF2-567F6F5A53CA}.Debug|Any CPU.ActiveCfg = Debug|Any CPU
		{181745F0-4888-453E-ABF2-567F6F5A53CA}.Debug|Any CPU.Build.0 = Debug|Any CPU
		{181745F0-4888-453E-ABF2-567F6F5A53CA}.Release|Any CPU.ActiveCfg = Release|Any CPU
		{181745F0-4888-453E-ABF2-567F6F5A53CA}.Release|Any CPU.Build.0 = Release|Any CPU
	EndGlobalSection
	GlobalSection(SolutionProperties) = preSolution
		HideSolutionNode = FALSE
	EndGlobalSection
	GlobalSection(ExtensibilityGlobals) = postSolution
		SolutionGuid = {9A37095E-58F3-4632-88EB-6E74A8128927}
	EndGlobalSection
EndGlobal
